
Microsoft Visual Studio Solution File, Format Version 12.00
# Visual Studio Version 16
VisualStudioVersion = 16.0.31702.278
MinimumVisualStudioVersion = 10.0.40219.1
Project("{FAE04EC0-301F-11D3-BF4B-00C04F79EFBC}") = "ProdutoPriferencialPostoCombustivel", "ProdutoPriferencialPostoCombustivel\ProdutoPriferencialPostoCombustivel.csproj", "{8D1AAE85-5644-447B-B8FC-D76C25C2C917}"
EndProject
Global
	GlobalSection(SolutionConfigurationPlatforms) = preSolution
		Debug|Any CPU = Debug|Any CPU
		Release|Any CPU = Release|Any CPU
	EndGlobalSection
	GlobalSection(ProjectConfigurationPlatforms) = postSolution
		{8D1AAE85-5644-447B-B8FC-D76C25C2C917}.Debug|Any CPU.ActiveCfg = Debug|Any CPU
		{8D1AAE85-5644-447B-B8FC-D76C25C2C917}.Debug|Any CPU.Build.0 = Debug|Any CPU
		{8D1AAE85-5644-447B-B8FC-D76C25C2C917}.Release|Any CPU.ActiveCfg = Release|Any CPU
		{8D1AAE85-5644-447B-B8FC-D76C25C2C917}.Release|Any CPU.Build.0 = Release|Any CPU
	EndGlobalSection
	GlobalSection(SolutionProperties) = preSolution
		HideSolutionNode = FALSE
	EndGlobalSection
	GlobalSection(ExtensibilityGlobals) = postSolution
		SolutionGuid = {505F6293-E991-4F55-ABC2-555B00EDF292}
	EndGlobalSection
EndGlobal
