
Microsoft Visual Studio Solution File, Format Version 12.00
# Visual Studio Version 16
VisualStudioVersion = 16.0.31702.278
MinimumVisualStudioVersion = 10.0.40219.1
Project("{FAE04EC0-301F-11D3-BF4B-00C04F79EFBC}") = "MyFirstAzureWebApp", "MyFirstAzureWebApp\MyFirstAzureWebApp.csproj", "{87347112-64DA-498D-B112-374BB32A5D2F}"
EndProject
Global
	GlobalSection(SolutionConfigurationPlatforms) = preSolution
		Debug|Any CPU = Debug|Any CPU
		Release|Any CPU = Release|Any CPU
	EndGlobalSection
	GlobalSection(ProjectConfigurationPlatforms) = postSolution
		{87347112-64DA-498D-B112-374BB32A5D2F}.Debug|Any CPU.ActiveCfg = Debug|Any CPU
		{87347112-64DA-498D-B112-374BB32A5D2F}.Debug|Any CPU.Build.0 = Debug|Any CPU
		{87347112-64DA-498D-B112-374BB32A5D2F}.Release|Any CPU.ActiveCfg = Release|Any CPU
		{87347112-64DA-498D-B112-374BB32A5D2F}.Release|Any CPU.Build.0 = Release|Any CPU
	EndGlobalSection
	GlobalSection(SolutionProperties) = preSolution
		HideSolutionNode = FALSE
	EndGlobalSection
	GlobalSection(ExtensibilityGlobals) = postSolution
		SolutionGuid = {970B8EE5-2168-423D-B22F-2469A4BF65D9}
	EndGlobalSection
EndGlobal
