
Microsoft Visual Studio Solution File, Format Version 12.00
# Visual Studio Version 16
VisualStudioVersion = 16.0.31702.278
MinimumVisualStudioVersion = 10.0.40219.1
Project("{FAE04EC0-301F-11D3-BF4B-00C04F79EFBC}") = "ProdutosEmUmPlano", "ProdutosEmUmPlano\ProdutosEmUmPlano.csproj", "{9553A91D-ED8F-458A-9892-F7982A7322DD}"
EndProject
Global
	GlobalSection(SolutionConfigurationPlatforms) = preSolution
		Debug|Any CPU = Debug|Any CPU
		Release|Any CPU = Release|Any CPU
	EndGlobalSection
	GlobalSection(ProjectConfigurationPlatforms) = postSolution
		{9553A91D-ED8F-458A-9892-F7982A7322DD}.Debug|Any CPU.ActiveCfg = Debug|Any CPU
		{9553A91D-ED8F-458A-9892-F7982A7322DD}.Debug|Any CPU.Build.0 = Debug|Any CPU
		{9553A91D-ED8F-458A-9892-F7982A7322DD}.Release|Any CPU.ActiveCfg = Release|Any CPU
		{9553A91D-ED8F-458A-9892-F7982A7322DD}.Release|Any CPU.Build.0 = Release|Any CPU
	EndGlobalSection
	GlobalSection(SolutionProperties) = preSolution
		HideSolutionNode = FALSE
	EndGlobalSection
	GlobalSection(ExtensibilityGlobals) = postSolution
		SolutionGuid = {E36DB3B9-C1F4-41B4-9DE4-B9AD4A55CC0D}
	EndGlobalSection
EndGlobal
